
Microsoft Visual Studio Solution File, Format Version 12.00
# Visual Studio Version 16
VisualStudioVersion = 16.0.31702.278
MinimumVisualStudioVersion = 10.0.40219.1
Project("{9A19103F-16F7-4668-BE54-9A1E7A4F7556}") = "hmwrk60.Web", "hmwrk60.Web\hmwrk60.Web.csproj", "{19B2CBC1-4237-4B16-8915-A971365FA739}"
EndProject
Project("{9A19103F-16F7-4668-BE54-9A1E7A4F7556}") = "hmwrk60.Data", "hmwrk60.Data\hmwrk60.Data.csproj", "{F90E8D2E-6918-4F33-A69A-C769DCF0611B}"
EndProject
Global
	GlobalSection(SolutionConfigurationPlatforms) = preSolution
		Debug|Any CPU = Debug|Any CPU
		Release|Any CPU = Release|Any CPU
	EndGlobalSection
	GlobalSection(ProjectConfigurationPlatforms) = postSolution
		{19B2CBC1-4237-4B16-8915-A971365FA739}.Debug|Any CPU.ActiveCfg = Debug|Any CPU
		{19B2CBC1-4237-4B16-8915-A971365FA739}.Debug|Any CPU.Build.0 = Debug|Any CPU
		{19B2CBC1-4237-4B16-8915-A971365FA739}.Release|Any CPU.ActiveCfg = Release|Any CPU
		{19B2CBC1-4237-4B16-8915-A971365FA739}.Release|Any CPU.Build.0 = Release|Any CPU
		{F90E8D2E-6918-4F33-A69A-C769DCF0611B}.Debug|Any CPU.ActiveCfg = Debug|Any CPU
		{F90E8D2E-6918-4F33-A69A-C769DCF0611B}.Debug|Any CPU.Build.0 = Debug|Any CPU
		{F90E8D2E-6918-4F33-A69A-C769DCF0611B}.Release|Any CPU.ActiveCfg = Release|Any CPU
		{F90E8D2E-6918-4F33-A69A-C769DCF0611B}.Release|Any CPU.Build.0 = Release|Any CPU
	EndGlobalSection
	GlobalSection(SolutionProperties) = preSolution
		HideSolutionNode = FALSE
	EndGlobalSection
	GlobalSection(ExtensibilityGlobals) = postSolution
		SolutionGuid = {D8F78435-42C7-4232-B021-CEE9CBFED856}
	EndGlobalSection
EndGlobal
